PODS:
  - Alamofire (5.0.0.beta.1)
  - DZNEmptyDataSet (1.8.1)

DEPENDENCIES:
  - Alamofire (from `https://github.com/Alamofire/Alamofire.git`, branch `alamofire5-core-rewrite`)
  - DZNEmptyDataSet

SPEC REPOS:
  https://github.com/cocoapods/specs.git:
    - DZNEmptyDataSet

EXTERNAL SOURCES:
  Alamofire:
    :branch: alamofire5-core-rewrite
    :git: https://github.com/Alamofire/Alamofire.git

CHECKOUT OPTIONS:
  Alamofire:
    :commit: d55100023c83ae70ab1e314e59672f0097e0b47b
    :git: https://github.com/Alamofire/Alamofire.git

SPEC CHECKSUMS:
  Alamofire: eafeeb206da2148045e57a5dc3c6a4acc65b9eb2
  DZNEmptyDataSet: 9525833b9e68ac21c30253e1d3d7076cc828eaa7

PODFILE CHECKSUM: acb8948ae787a71e2da95aa19f1d87b256668ce9

COCOAPODS: 1.5.3
