PODS:
  - Alamofire (5.0.0.beta.1)
  - DZNEmptyDataSet (1.8.1)
  - Nimble (7.1.1)
  - Quick (1.3.0)

DEPENDENCIES:
  - Alamofire (from `https://github.com/Alamofire/Alamofire.git`, branch `alamofire5-core-rewrite`)
  - DZNEmptyDataSet
  - Nimble
  - Quick

SPEC REPOS:
  https://github.com/cocoapods/specs.git:
    - DZNEmptyDataSet
    - Nimble
    - Quick

EXTERNAL SOURCES:
  Alamofire:
    :branch: alamofire5-core-rewrite
    :git: https://github.com/Alamofire/Alamofire.git

CHECKOUT OPTIONS:
  Alamofire:
    :commit: d55100023c83ae70ab1e314e59672f0097e0b47b
    :git: https://github.com/Alamofire/Alamofire.git

SPEC CHECKSUMS:
  Alamofire: eafeeb206da2148045e57a5dc3c6a4acc65b9eb2
  DZNEmptyDataSet: 9525833b9e68ac21c30253e1d3d7076cc828eaa7
  Nimble: 391f07782af4b37914f9bd7b2ffbb952731b8202
  Quick: 03278013f71aa05fe9ecabc94fbcc6835f1ee76f

PODFILE CHECKSUM: 253b2030670ed3943844344a88ff4c21552fa3da

COCOAPODS: 1.5.3
