// !$*UTF8*$!
{
	archiveVersion = 1;
	classes = {
	};
	objectVersion = 50;
	objects = {

/* Begin PBXBuildFile section */
		009FB4DFC75CC27345DB3807 /* Pods_NewsAppUITests.framework in Frameworks */ = {isa = PBXBuildFile; fileRef = B24098DB6455DFF9F36BF3E4 /* Pods_NewsAppUITests.framework */; };
		89087A5F20E2898F00DE8CD9 /* AppBuilder.swift in Sources */ = {isa = PBXBuildFile; fileRef = 89087A5E20E2898F00DE8CD9 /* AppBuilder.swift */; };
		8930F82B20E23D500024C1F9 /* AppDelegate.swift in Sources */ = {isa = PBXBuildFile; fileRef = 8930F82A20E23D500024C1F9 /* AppDelegate.swift */; };
		8930F82D20E23D500024C1F9 /* ViewController.swift in Sources */ = {isa = PBXBuildFile; fileRef = 8930F82C20E23D500024C1F9 /* ViewController.swift */; };
		8930F83020E23D500024C1F9 /* Main.storyboard in Resources */ = {isa = PBXBuildFile; fileRef = 8930F82E20E23D500024C1F9 /* Main.storyboard */; };
		8930F83220E23D520024C1F9 /* Assets.xcassets in Resources */ = {isa = PBXBuildFile; fileRef = 8930F83120E23D520024C1F9 /* Assets.xcassets */; };
		8930F83520E23D520024C1F9 /* LaunchScreen.storyboard in Resources */ = {isa = PBXBuildFile; fileRef = 8930F83320E23D520024C1F9 /* LaunchScreen.storyboard */; };
		8930F84B20E23D520024C1F9 /* NewsAppUITests.swift in Sources */ = {isa = PBXBuildFile; fileRef = 8930F84A20E23D520024C1F9 /* NewsAppUITests.swift */; };
		8930F85A20E241140024C1F9 /* ArticlesListInteractor.swift in Sources */ = {isa = PBXBuildFile; fileRef = 8930F85920E241140024C1F9 /* ArticlesListInteractor.swift */; };
		8930F85D20E242E60024C1F9 /* NetworkLayerProtocol.swift in Sources */ = {isa = PBXBuildFile; fileRef = 8930F85C20E242E60024C1F9 /* NetworkLayerProtocol.swift */; };
		8930F85F20E243040024C1F9 /* TheGuardianNetworkLayer.swift in Sources */ = {isa = PBXBuildFile; fileRef = 8930F85E20E243040024C1F9 /* TheGuardianNetworkLayer.swift */; };
		8930F86120E243110024C1F9 /* OfflineNetworkLayer.swift in Sources */ = {isa = PBXBuildFile; fileRef = 8930F86020E243110024C1F9 /* OfflineNetworkLayer.swift */; };
		8930F86320E2437C0024C1F9 /* TheGuardianArticle.swift in Sources */ = {isa = PBXBuildFile; fileRef = 8930F86220E2437B0024C1F9 /* TheGuardianArticle.swift */; };
		8930F86920E247FD0024C1F9 /* ArticlesListPresenter.swift in Sources */ = {isa = PBXBuildFile; fileRef = 8930F86820E247FD0024C1F9 /* ArticlesListPresenter.swift */; };
		8930F86B20E248700024C1F9 /* ArticlesListViewProtocol.swift in Sources */ = {isa = PBXBuildFile; fileRef = 8930F86A20E248700024C1F9 /* ArticlesListViewProtocol.swift */; };
		8930F86D20E259650024C1F9 /* Podfile in Resources */ = {isa = PBXBuildFile; fileRef = 8930F86C20E259650024C1F9 /* Podfile */; };
		899AC65020E28BB700F6D949 /* CoreViews.swift in Sources */ = {isa = PBXBuildFile; fileRef = 899AC64F20E28BB700F6D949 /* CoreViews.swift */; };
		899AC65220E28DC000F6D949 /* ArticlesListNavigator.swift in Sources */ = {isa = PBXBuildFile; fileRef = 899AC65120E28DC000F6D949 /* ArticlesListNavigator.swift */; };
		899AC65420E28F0200F6D949 /* ArticlesListWireframe.swift in Sources */ = {isa = PBXBuildFile; fileRef = 899AC65320E28F0200F6D949 /* ArticlesListWireframe.swift */; };
		899AC65620E2923700F6D949 /* ArticlesListCellProtocol.swift in Sources */ = {isa = PBXBuildFile; fileRef = 899AC65520E2923700F6D949 /* ArticlesListCellProtocol.swift */; };
		899AC65920E292B300F6D949 /* ArticlesListTableViewCell.swift in Sources */ = {isa = PBXBuildFile; fileRef = 899AC65720E292B300F6D949 /* ArticlesListTableViewCell.swift */; };
		899AC65A20E292B300F6D949 /* ArticlesListTableViewCell.xib in Resources */ = {isa = PBXBuildFile; fileRef = 899AC65820E292B300F6D949 /* ArticlesListTableViewCell.xib */; };
		899AC66220E35A2000F6D949 /* ArticleDetailsWireframe.swift in Sources */ = {isa = PBXBuildFile; fileRef = 899AC66120E35A2000F6D949 /* ArticleDetailsWireframe.swift */; };
		899AC66420E35A4F00F6D949 /* ArticleDetailsViewProtocol.swift in Sources */ = {isa = PBXBuildFile; fileRef = 899AC66320E35A4F00F6D949 /* ArticleDetailsViewProtocol.swift */; };
		899AC66720E35AEC00F6D949 /* ArticleDetailsPresenterProtocol.swift in Sources */ = {isa = PBXBuildFile; fileRef = 899AC66620E35AEC00F6D949 /* ArticleDetailsPresenterProtocol.swift */; };
		899AC66920E35B4B00F6D949 /* ArticleDetailsInteractorProtocol.swift in Sources */ = {isa = PBXBuildFile; fileRef = 899AC66820E35B4B00F6D949 /* ArticleDetailsInteractorProtocol.swift */; };
		899AC66B20E3602700F6D949 /* ArticleDetailsPresenter.swift in Sources */ = {isa = PBXBuildFile; fileRef = 899AC66A20E3602700F6D949 /* ArticleDetailsPresenter.swift */; };
		899AC66D20E3648300F6D949 /* ArticleDetailsInteractor.swift in Sources */ = {isa = PBXBuildFile; fileRef = 899AC66C20E3648300F6D949 /* ArticleDetailsInteractor.swift */; };
		899AC66F20E364CF00F6D949 /* TheGuardianArticleDetailsNetworkLayer.swift in Sources */ = {isa = PBXBuildFile; fileRef = 899AC66E20E364CF00F6D949 /* TheGuardianArticleDetailsNetworkLayer.swift */; };
		899AC67120E364DD00F6D949 /* ArticleDetailsNetworkLayerProtocol.swift in Sources */ = {isa = PBXBuildFile; fileRef = 899AC67020E364DD00F6D949 /* ArticleDetailsNetworkLayerProtocol.swift */; };
		899AC67420E3661B00F6D949 /* ArticleDetailsViewController.swift in Sources */ = {isa = PBXBuildFile; fileRef = 899AC67220E3661B00F6D949 /* ArticleDetailsViewController.swift */; };
		899AC67520E3661B00F6D949 /* ArticleDetailsViewController.xib in Resources */ = {isa = PBXBuildFile; fileRef = 899AC67320E3661B00F6D949 /* ArticleDetailsViewController.xib */; };
		899AC67720E3725F00F6D949 /* OfflineArticleDetailsNetworkLayer.swift in Sources */ = {isa = PBXBuildFile; fileRef = 899AC67620E3725F00F6D949 /* OfflineArticleDetailsNetworkLayer.swift */; };
		899EB28C20E63F5E00380298 /* CoreDataArticle+CoreDataProperties.swift in Sources */ = {isa = PBXBuildFile; fileRef = 899EB28A20E63F5D00380298 /* CoreDataArticle+CoreDataProperties.swift */; };
		899EB28D20E63F5E00380298 /* CoreDataArticle+CoreDataClass.swift in Sources */ = {isa = PBXBuildFile; fileRef = 899EB28B20E63F5E00380298 /* CoreDataArticle+CoreDataClass.swift */; };
		899F314E20E3B748009DF6F8 /* iPhone.css in Resources */ = {isa = PBXBuildFile; fileRef = 899F314D20E3B748009DF6F8 /* iPhone.css */; };
		899F315020E3B7A6009DF6F8 /* Monotype Sabon Regular.otf in Resources */ = {isa = PBXBuildFile; fileRef = 899F314F20E3B7A6009DF6F8 /* Monotype Sabon Regular.otf */; };
		89BF27A220E499500034C5A9 /* Article.swift in Sources */ = {isa = PBXBuildFile; fileRef = 89BF27A120E499500034C5A9 /* Article.swift */; };
		89BF27A420E49A290034C5A9 /* PersistedArticle.swift in Sources */ = {isa = PBXBuildFile; fileRef = 89BF27A320E49A290034C5A9 /* PersistedArticle.swift */; };
		89BF27A920E4A33E0034C5A9 /* TheGuardian.xcdatamodeld in Sources */ = {isa = PBXBuildFile; fileRef = 89BF27A620E4A2710034C5A9 /* TheGuardian.xcdatamodeld */; };
		89BF27F020E4A4AD0034C5A9 /* CoreDataStack.swift in Sources */ = {isa = PBXBuildFile; fileRef = 89BF27EF20E4A4AD0034C5A9 /* CoreDataStack.swift */; };
		89BF27F220E4A5E10034C5A9 /* PersistenceLayerProtocol.swift in Sources */ = {isa = PBXBuildFile; fileRef = 89BF27F120E4A5E10034C5A9 /* PersistenceLayerProtocol.swift */; };
		89BF27F420E4DF7A0034C5A9 /* ArticleListInteractorProtocol.swift in Sources */ = {isa = PBXBuildFile; fileRef = 89BF27F320E4DF7A0034C5A9 /* ArticleListInteractorProtocol.swift */; };
		89BF27F620E4E0010034C5A9 /* ArticleListPresenterProtocol.swift in Sources */ = {isa = PBXBuildFile; fileRef = 89BF27F520E4E0010034C5A9 /* ArticleListPresenterProtocol.swift */; };
		89BF27F820E4E2920034C5A9 /* ListInteractorTests.swift in Sources */ = {isa = PBXBuildFile; fileRef = 89BF27F720E4E2920034C5A9 /* ListInteractorTests.swift */; };
		89DC13B920E4F35C0074CC39 /* MockPersistenceStore.swift in Sources */ = {isa = PBXBuildFile; fileRef = 89DC13B820E4F35C0074CC39 /* MockPersistenceStore.swift */; };
		89DC13BB20E4F67F0074CC39 /* ArticleDetailsInteractorTests.swift in Sources */ = {isa = PBXBuildFile; fileRef = 89DC13BA20E4F67F0074CC39 /* ArticleDetailsInteractorTests.swift */; };
		89DC13BD20E4F9D90074CC39 /* TheGuardianNetworkLayerTests.swift in Sources */ = {isa = PBXBuildFile; fileRef = 89DC13BC20E4F9D90074CC39 /* TheGuardianNetworkLayerTests.swift */; };
		89DC13BF20E502600074CC39 /* CoreDataPersitenceTests.swift in Sources */ = {isa = PBXBuildFile; fileRef = 89DC13BE20E502600074CC39 /* CoreDataPersitenceTests.swift */; };
		89DC13C120E5059E0074CC39 /* ArticleDetailsViewControllerTests.swift in Sources */ = {isa = PBXBuildFile; fileRef = 89DC13C020E5059E0074CC39 /* ArticleDetailsViewControllerTests.swift */; };
		89DC13C320E50C680074CC39 /* TheGuardianDetailsNetworkLayerTests.swift in Sources */ = {isa = PBXBuildFile; fileRef = 89DC13C220E50C680074CC39 /* TheGuardianDetailsNetworkLayerTests.swift */; };
		89DC13C520E50FA40074CC39 /* ArticleDetailsPresenterTests.swift in Sources */ = {isa = PBXBuildFile; fileRef = 89DC13C420E50FA40074CC39 /* ArticleDetailsPresenterTests.swift */; };
		89DC13C720E511150074CC39 /* ArticleDetailsWireframeTests.swift in Sources */ = {isa = PBXBuildFile; fileRef = 89DC13C620E511150074CC39 /* ArticleDetailsWireframeTests.swift */; };
		9D5355F9686B6810B896BFE4 /* Pods_NewsAppTests.framework in Frameworks */ = {isa = PBXBuildFile; fileRef = 8305ED03371FE88A89901667 /* Pods_NewsAppTests.framework */; };
		F8A0409231DE19F79E1118A9 /* Pods_NewsApp.framework in Frameworks */ = {isa = PBXBuildFile; fileRef = 439F3CC97C6DBF8F345C3A2A /* Pods_NewsApp.framework */; };
/* End PBXBuildFile section */

/* Begin PBXContainerItemProxy section */
		8930F83C20E23D520024C1F9 /* PBXContainerItemProxy */ = {
			isa = PBXContainerItemProxy;
			containerPortal = 8930F81F20E23D500024C1F9 /* Project object */;
			proxyType = 1;
			remoteGlobalIDString = 8930F82620E23D500024C1F9;
			remoteInfo = NewsApp;
		};
		8930F84720E23D520024C1F9 /* PBXContainerItemProxy */ = {
			isa = PBXContainerItemProxy;
			containerPortal = 8930F81F20E23D500024C1F9 /* Project object */;
			proxyType = 1;
			remoteGlobalIDString = 8930F82620E23D500024C1F9;
			remoteInfo = NewsApp;
		};
/* End PBXContainerItemProxy section */

/* Begin PBXFileReference section */
		1C7D4F78B9C3D35C88B137D6 /* Pods-NewsApp.debug.xcconfig */ = {isa = PBXFileReference; includeInIndex = 1; lastKnownFileType = text.xcconfig; name = "Pods-NewsApp.debug.xcconfig"; path = "Pods/Target Support Files/Pods-NewsApp/Pods-NewsApp.debug.xcconfig"; sourceTree = "<group>"; };
		3E140A89A2A8ED6D05A2DDAA /* Pods-NewsApp.release.xcconfig */ = {isa = PBXFileReference; includeInIndex = 1; lastKnownFileType = text.xcconfig; name = "Pods-NewsApp.release.xcconfig"; path = "Pods/Target Support Files/Pods-NewsApp/Pods-NewsApp.release.xcconfig"; sourceTree = "<group>"; };
		439F3CC97C6DBF8F345C3A2A /* Pods_NewsApp.framework */ = {isa = PBXFileReference; explicitFileType = wrapper.framework; includeInIndex = 0; path = Pods_NewsApp.framework; sourceTree = BUILT_PRODUCTS_DIR; };
		5C00CF06301368F220111144 /* Pods-NewsAppUITests.debug.xcconfig */ = {isa = PBXFileReference; includeInIndex = 1; lastKnownFileType = text.xcconfig; name = "Pods-NewsAppUITests.debug.xcconfig"; path = "Pods/Target Support Files/Pods-NewsAppUITests/Pods-NewsAppUITests.debug.xcconfig"; sourceTree = "<group>"; };
		78B4F59F7AE79855D2D2FC60 /* Pods-NewsAppTests.release.xcconfig */ = {isa = PBXFileReference; includeInIndex = 1; lastKnownFileType = text.xcconfig; name = "Pods-NewsAppTests.release.xcconfig"; path = "Pods/Target Support Files/Pods-NewsAppTests/Pods-NewsAppTests.release.xcconfig"; sourceTree = "<group>"; };
		7BAAB87E77E27E2C03945362 /* Pods-NewsAppUITests.release.xcconfig */ = {isa = PBXFileReference; includeInIndex = 1; lastKnownFileType = text.xcconfig; name = "Pods-NewsAppUITests.release.xcconfig"; path = "Pods/Target Support Files/Pods-NewsAppUITests/Pods-NewsAppUITests.release.xcconfig"; sourceTree = "<group>"; };
		8305ED03371FE88A89901667 /* Pods_NewsAppTests.framework */ = {isa = PBXFileReference; explicitFileType = wrapper.framework; includeInIndex = 0; path = Pods_NewsAppTests.framework; sourceTree = BUILT_PRODUCTS_DIR; };
		89087A5E20E2898F00DE8CD9 /* AppBuilder.swift */ = {isa = PBXFileReference; lastKnownFileType = sourcecode.swift; path = AppBuilder.swift; sourceTree = "<group>"; };
		8930F82720E23D500024C1F9 /* The Guardian.app */ = {isa = PBXFileReference; explicitFileType = wrapper.application; includeInIndex = 0; path = "The Guardian.app"; sourceTree = BUILT_PRODUCTS_DIR; };
		8930F82A20E23D500024C1F9 /* AppDelegate.swift */ = {isa = PBXFileReference; lastKnownFileType = sourcecode.swift; path = AppDelegate.swift; sourceTree = "<group>"; };
		8930F82C20E23D500024C1F9 /* ViewController.swift */ = {isa = PBXFileReference; lastKnownFileType = sourcecode.swift; path = ViewController.swift; sourceTree = "<group>"; };
		8930F82F20E23D500024C1F9 /* Base */ = {isa = PBXFileReference; lastKnownFileType = file.storyboard; name = Base; path = Base.lproj/Main.storyboard; sourceTree = "<group>"; };
		8930F83120E23D520024C1F9 /* Assets.xcassets */ = {isa = PBXFileReference; lastKnownFileType = folder.assetcatalog; path = Assets.xcassets; sourceTree = "<group>"; };
		8930F83420E23D520024C1F9 /* Base */ = {isa = PBXFileReference; lastKnownFileType = file.storyboard; name = Base; path = Base.lproj/LaunchScreen.storyboard; sourceTree = "<group>"; };
		8930F83620E23D520024C1F9 /* Info.plist */ = {isa = PBXFileReference; lastKnownFileType = text.plist.xml; path = Info.plist; sourceTree = "<group>"; };
		8930F83B20E23D520024C1F9 /* NewsAppTests.xctest */ = {isa = PBXFileReference; explicitFileType = wrapper.cfbundle; includeInIndex = 0; path = NewsAppTests.xctest; sourceTree = BUILT_PRODUCTS_DIR; };
		8930F84120E23D520024C1F9 /* Info.plist */ = {isa = PBXFileReference; lastKnownFileType = text.plist.xml; path = Info.plist; sourceTree = "<group>"; };
		8930F84620E23D520024C1F9 /* NewsAppUITests.xctest */ = {isa = PBXFileReference; explicitFileType = wrapper.cfbundle; includeInIndex = 0; path = NewsAppUITests.xctest; sourceTree = BUILT_PRODUCTS_DIR; };
		8930F84A20E23D520024C1F9 /* NewsAppUITests.swift */ = {isa = PBXFileReference; lastKnownFileType = sourcecode.swift; path = NewsAppUITests.swift; sourceTree = "<group>"; };
		8930F84C20E23D520024C1F9 /* Info.plist */ = {isa = PBXFileReference; lastKnownFileType = text.plist.xml; path = Info.plist; sourceTree = "<group>"; };
		8930F85920E241140024C1F9 /* ArticlesListInteractor.swift */ = {isa = PBXFileReference; lastKnownFileType = sourcecode.swift; path = ArticlesListInteractor.swift; sourceTree = "<group>"; };
		8930F85C20E242E60024C1F9 /* NetworkLayerProtocol.swift */ = {isa = PBXFileReference; lastKnownFileType = sourcecode.swift; path = NetworkLayerProtocol.swift; sourceTree = "<group>"; };
		8930F85E20E243040024C1F9 /* TheGuardianNetworkLayer.swift */ = {isa = PBXFileReference; lastKnownFileType = sourcecode.swift; path = TheGuardianNetworkLayer.swift; sourceTree = "<group>"; };
		8930F86020E243110024C1F9 /* OfflineNetworkLayer.swift */ = {isa = PBXFileReference; lastKnownFileType = sourcecode.swift; path = OfflineNetworkLayer.swift; sourceTree = "<group>"; };
		8930F86220E2437B0024C1F9 /* TheGuardianArticle.swift */ = {isa = PBXFileReference; lastKnownFileType = sourcecode.swift; path = TheGuardianArticle.swift; sourceTree = "<group>"; };
		8930F86820E247FD0024C1F9 /* ArticlesListPresenter.swift */ = {isa = PBXFileReference; lastKnownFileType = sourcecode.swift; path = ArticlesListPresenter.swift; sourceTree = "<group>"; };
		8930F86A20E248700024C1F9 /* ArticlesListViewProtocol.swift */ = {isa = PBXFileReference; lastKnownFileType = sourcecode.swift; path = ArticlesListViewProtocol.swift; sourceTree = "<group>"; };
		8930F86C20E259650024C1F9 /* Podfile */ = {isa = PBXFileReference; fileEncoding = 4; lastKnownFileType = text; path = Podfile; sourceTree = SOURCE_ROOT; xcLanguageSpecificationIdentifier = xcode.lang.ruby; };
		899AC64F20E28BB700F6D949 /* CoreViews.swift */ = {isa = PBXFileReference; lastKnownFileType = sourcecode.swift; path = CoreViews.swift; sourceTree = "<group>"; };
		899AC65120E28DC000F6D949 /* ArticlesListNavigator.swift */ = {isa = PBXFileReference; lastKnownFileType = sourcecode.swift; path = ArticlesListNavigator.swift; sourceTree = "<group>"; };
		899AC65320E28F0200F6D949 /* ArticlesListWireframe.swift */ = {isa = PBXFileReference; lastKnownFileType = sourcecode.swift; path = ArticlesListWireframe.swift; sourceTree = "<group>"; };
		899AC65520E2923700F6D949 /* ArticlesListCellProtocol.swift */ = {isa = PBXFileReference; lastKnownFileType = sourcecode.swift; path = ArticlesListCellProtocol.swift; sourceTree = "<group>"; };
		899AC65720E292B300F6D949 /* ArticlesListTableViewCell.swift */ = {isa = PBXFileReference; lastKnownFileType = sourcecode.swift; path = ArticlesListTableViewCell.swift; sourceTree = "<group>"; };
		899AC65820E292B300F6D949 /* ArticlesListTableViewCell.xib */ = {isa = PBXFileReference; lastKnownFileType = file.xib; path = ArticlesListTableViewCell.xib; sourceTree = "<group>"; };
		899AC66120E35A2000F6D949 /* ArticleDetailsWireframe.swift */ = {isa = PBXFileReference; lastKnownFileType = sourcecode.swift; path = ArticleDetailsWireframe.swift; sourceTree = "<group>"; };
		899AC66320E35A4F00F6D949 /* ArticleDetailsViewProtocol.swift */ = {isa = PBXFileReference; lastKnownFileType = sourcecode.swift; path = ArticleDetailsViewProtocol.swift; sourceTree = "<group>"; };
		899AC66620E35AEC00F6D949 /* ArticleDetailsPresenterProtocol.swift */ = {isa = PBXFileReference; lastKnownFileType = sourcecode.swift; path = ArticleDetailsPresenterProtocol.swift; sourceTree = "<group>"; };
		899AC66820E35B4B00F6D949 /* ArticleDetailsInteractorProtocol.swift */ = {isa = PBXFileReference; lastKnownFileType = sourcecode.swift; path = ArticleDetailsInteractorProtocol.swift; sourceTree = "<group>"; };
		899AC66A20E3602700F6D949 /* ArticleDetailsPresenter.swift */ = {isa = PBXFileReference; lastKnownFileType = sourcecode.swift; path = ArticleDetailsPresenter.swift; sourceTree = "<group>"; };
		899AC66C20E3648300F6D949 /* ArticleDetailsInteractor.swift */ = {isa = PBXFileReference; lastKnownFileType = sourcecode.swift; path = ArticleDetailsInteractor.swift; sourceTree = "<group>"; };
		899AC66E20E364CF00F6D949 /* TheGuardianArticleDetailsNetworkLayer.swift */ = {isa = PBXFileReference; lastKnownFileType = sourcecode.swift; path = TheGuardianArticleDetailsNetworkLayer.swift; sourceTree = "<group>"; };
		899AC67020E364DD00F6D949 /* ArticleDetailsNetworkLayerProtocol.swift */ = {isa = PBXFileReference; lastKnownFileType = sourcecode.swift; path = ArticleDetailsNetworkLayerProtocol.swift; sourceTree = "<group>"; };
		899AC67220E3661B00F6D949 /* ArticleDetailsViewController.swift */ = {isa = PBXFileReference; lastKnownFileType = sourcecode.swift; path = ArticleDetailsViewController.swift; sourceTree = "<group>"; };
		899AC67320E3661B00F6D949 /* ArticleDetailsViewController.xib */ = {isa = PBXFileReference; lastKnownFileType = file.xib; path = ArticleDetailsViewController.xib; sourceTree = "<group>"; };
		899AC67620E3725F00F6D949 /* OfflineArticleDetailsNetworkLayer.swift */ = {isa = PBXFileReference; lastKnownFileType = sourcecode.swift; path = OfflineArticleDetailsNetworkLayer.swift; sourceTree = "<group>"; };
		899EB28A20E63F5D00380298 /* CoreDataArticle+CoreDataProperties.swift */ = {isa = PBXFileReference; fileEncoding = 4; lastKnownFileType = sourcecode.swift; path = "CoreDataArticle+CoreDataProperties.swift"; sourceTree = "<group>"; };
		899EB28B20E63F5E00380298 /* CoreDataArticle+CoreDataClass.swift */ = {isa = PBXFileReference; fileEncoding = 4; lastKnownFileType = sourcecode.swift; path = "CoreDataArticle+CoreDataClass.swift"; sourceTree = "<group>"; };
		899F314D20E3B748009DF6F8 /* iPhone.css */ = {isa = PBXFileReference; lastKnownFileType = text.css; path = iPhone.css; sourceTree = "<group>"; };
		899F314F20E3B7A6009DF6F8 /* Monotype Sabon Regular.otf */ = {isa = PBXFileReference; lastKnownFileType = file; path = "Monotype Sabon Regular.otf"; sourceTree = "<group>"; };
		89BF27A120E499500034C5A9 /* Article.swift */ = {isa = PBXFileReference; lastKnownFileType = sourcecode.swift; path = Article.swift; sourceTree = "<group>"; };
		89BF27A320E49A290034C5A9 /* PersistedArticle.swift */ = {isa = PBXFileReference; lastKnownFileType = sourcecode.swift; path = PersistedArticle.swift; sourceTree = "<group>"; };
		89BF27A720E4A2710034C5A9 /* CoreDataArticle.xcdatamodel */ = {isa = PBXFileReference; lastKnownFileType = wrapper.xcdatamodel; path = CoreDataArticle.xcdatamodel; sourceTree = "<group>"; };
		89BF27EF20E4A4AD0034C5A9 /* CoreDataStack.swift */ = {isa = PBXFileReference; lastKnownFileType = sourcecode.swift; path = CoreDataStack.swift; sourceTree = "<group>"; };
		89BF27F120E4A5E10034C5A9 /* PersistenceLayerProtocol.swift */ = {isa = PBXFileReference; lastKnownFileType = sourcecode.swift; path = PersistenceLayerProtocol.swift; sourceTree = "<group>"; };
		89BF27F320E4DF7A0034C5A9 /* ArticleListInteractorProtocol.swift */ = {isa = PBXFileReference; lastKnownFileType = sourcecode.swift; path = ArticleListInteractorProtocol.swift; sourceTree = "<group>"; };
		89BF27F520E4E0010034C5A9 /* ArticleListPresenterProtocol.swift */ = {isa = PBXFileReference; lastKnownFileType = sourcecode.swift; path = ArticleListPresenterProtocol.swift; sourceTree = "<group>"; };
		89BF27F720E4E2920034C5A9 /* ListInteractorTests.swift */ = {isa = PBXFileReference; lastKnownFileType = sourcecode.swift; path = ListInteractorTests.swift; sourceTree = "<group>"; };
		89DC13B820E4F35C0074CC39 /* MockPersistenceStore.swift */ = {isa = PBXFileReference; lastKnownFileType = sourcecode.swift; path = MockPersistenceStore.swift; sourceTree = "<group>"; };
		89DC13BA20E4F67F0074CC39 /* ArticleDetailsInteractorTests.swift */ = {isa = PBXFileReference; lastKnownFileType = sourcecode.swift; path = ArticleDetailsInteractorTests.swift; sourceTree = "<group>"; };
		89DC13BC20E4F9D90074CC39 /* TheGuardianNetworkLayerTests.swift */ = {isa = PBXFileReference; lastKnownFileType = sourcecode.swift; path = TheGuardianNetworkLayerTests.swift; sourceTree = "<group>"; };
		89DC13BE20E502600074CC39 /* CoreDataPersitenceTests.swift */ = {isa = PBXFileReference; lastKnownFileType = sourcecode.swift; path = CoreDataPersitenceTests.swift; sourceTree = "<group>"; };
		89DC13C020E5059E0074CC39 /* ArticleDetailsViewControllerTests.swift */ = {isa = PBXFileReference; lastKnownFileType = sourcecode.swift; path = ArticleDetailsViewControllerTests.swift; sourceTree = "<group>"; };
		89DC13C220E50C680074CC39 /* TheGuardianDetailsNetworkLayerTests.swift */ = {isa = PBXFileReference; lastKnownFileType = sourcecode.swift; path = TheGuardianDetailsNetworkLayerTests.swift; sourceTree = "<group>"; };
		89DC13C420E50FA40074CC39 /* ArticleDetailsPresenterTests.swift */ = {isa = PBXFileReference; lastKnownFileType = sourcecode.swift; path = ArticleDetailsPresenterTests.swift; sourceTree = "<group>"; };
		89DC13C620E511150074CC39 /* ArticleDetailsWireframeTests.swift */ = {isa = PBXFileReference; lastKnownFileType = sourcecode.swift; path = ArticleDetailsWireframeTests.swift; sourceTree = "<group>"; };
		B24098DB6455DFF9F36BF3E4 /* Pods_NewsAppUITests.framework */ = {isa = PBXFileReference; explicitFileType = wrapper.framework; includeInIndex = 0; path = Pods_NewsAppUITests.framework; sourceTree = BUILT_PRODUCTS_DIR; };
		CF656C3F1F6784E27143266D /* Pods-NewsAppTests.debug.xcconfig */ = {isa = PBXFileReference; includeInIndex = 1; lastKnownFileType = text.xcconfig; name = "Pods-NewsAppTests.debug.xcconfig"; path = "Pods/Target Support Files/Pods-NewsAppTests/Pods-NewsAppTests.debug.xcconfig"; sourceTree = "<group>"; };
/* End PBXFileReference section */

/* Begin PBXFrameworksBuildPhase section */
		8930F82420E23D500024C1F9 /* Frameworks */ = {
			isa = PBXFrameworksBuildPhase;
			buildActionMask = 2147483647;
			files = (
				F8A0409231DE19F79E1118A9 /* Pods_NewsApp.framework in Frameworks */,
			);
			runOnlyForDeploymentPostprocessing = 0;
		};
		8930F83820E23D520024C1F9 /* Frameworks */ = {
			isa = PBXFrameworksBuildPhase;
			buildActionMask = 2147483647;
			files = (
				9D5355F9686B6810B896BFE4 /* Pods_NewsAppTests.framework in Frameworks */,
			);
			runOnlyForDeploymentPostprocessing = 0;
		};
		8930F84320E23D520024C1F9 /* Frameworks */ = {
			isa = PBXFrameworksBuildPhase;
			buildActionMask = 2147483647;
			files = (
				009FB4DFC75CC27345DB3807 /* Pods_NewsAppUITests.framework in Frameworks */,
			);
			runOnlyForDeploymentPostprocessing = 0;
		};
/* End PBXFrameworksBuildPhase section */

/* Begin PBXGroup section */
		19B5ADE060A1AACEA9EF1BC5 /* Pods */ = {
			isa = PBXGroup;
			children = (
				1C7D4F78B9C3D35C88B137D6 /* Pods-NewsApp.debug.xcconfig */,
				3E140A89A2A8ED6D05A2DDAA /* Pods-NewsApp.release.xcconfig */,
				CF656C3F1F6784E27143266D /* Pods-NewsAppTests.debug.xcconfig */,
				78B4F59F7AE79855D2D2FC60 /* Pods-NewsAppTests.release.xcconfig */,
				5C00CF06301368F220111144 /* Pods-NewsAppUITests.debug.xcconfig */,
				7BAAB87E77E27E2C03945362 /* Pods-NewsAppUITests.release.xcconfig */,
			);
			name = Pods;
			sourceTree = "<group>";
		};
		325CF73F5FA6448AA120F3F0 /* Frameworks */ = {
			isa = PBXGroup;
			children = (
				439F3CC97C6DBF8F345C3A2A /* Pods_NewsApp.framework */,
				8305ED03371FE88A89901667 /* Pods_NewsAppTests.framework */,
				B24098DB6455DFF9F36BF3E4 /* Pods_NewsAppUITests.framework */,
			);
			name = Frameworks;
			sourceTree = "<group>";
		};
		8930F81E20E23D500024C1F9 = {
			isa = PBXGroup;
			children = (
				8930F82920E23D500024C1F9 /* NewsApp */,
				8930F83E20E23D520024C1F9 /* NewsAppTests */,
				8930F84920E23D520024C1F9 /* NewsAppUITests */,
				8930F82820E23D500024C1F9 /* Products */,
				19B5ADE060A1AACEA9EF1BC5 /* Pods */,
				325CF73F5FA6448AA120F3F0 /* Frameworks */,
			);
			sourceTree = "<group>";
		};
		8930F82820E23D500024C1F9 /* Products */ = {
			isa = PBXGroup;
			children = (
				8930F82720E23D500024C1F9 /* The Guardian.app */,
				8930F83B20E23D520024C1F9 /* NewsAppTests.xctest */,
				8930F84620E23D520024C1F9 /* NewsAppUITests.xctest */,
			);
			name = Products;
			sourceTree = "<group>";
		};
		8930F82920E23D500024C1F9 /* NewsApp */ = {
			isa = PBXGroup;
			children = (
				8930F86C20E259650024C1F9 /* Podfile */,
				899AC64E20E28BA300F6D949 /* Core */,
				8930F85820E23F670024C1F9 /* ArticlesList */,
				899AC65B20E3597900F6D949 /* ArticleDetails */,
				8930F82E20E23D500024C1F9 /* Main.storyboard */,
				8930F83120E23D520024C1F9 /* Assets.xcassets */,
				8930F83320E23D520024C1F9 /* LaunchScreen.storyboard */,
				8930F83620E23D520024C1F9 /* Info.plist */,
			);
			path = NewsApp;
			sourceTree = "<group>";
		};
		8930F83E20E23D520024C1F9 /* NewsAppTests */ = {
			isa = PBXGroup;
			children = (
				8930F84120E23D520024C1F9 /* Info.plist */,
				89DC13BE20E502600074CC39 /* CoreDataPersitenceTests.swift */,
				89DC13C020E5059E0074CC39 /* ArticleDetailsViewControllerTests.swift */,
				89DC13BC20E4F9D90074CC39 /* TheGuardianNetworkLayerTests.swift */,
				89DC13BA20E4F67F0074CC39 /* ArticleDetailsInteractorTests.swift */,
				89BF27F720E4E2920034C5A9 /* ListInteractorTests.swift */,
				89DC13C220E50C680074CC39 /* TheGuardianDetailsNetworkLayerTests.swift */,
				89DC13C420E50FA40074CC39 /* ArticleDetailsPresenterTests.swift */,
				89DC13C620E511150074CC39 /* ArticleDetailsWireframeTests.swift */,
			);
			path = NewsAppTests;
			sourceTree = "<group>";
		};
		8930F84920E23D520024C1F9 /* NewsAppUITests */ = {
			isa = PBXGroup;
			children = (
				8930F84A20E23D520024C1F9 /* NewsAppUITests.swift */,
				8930F84C20E23D520024C1F9 /* Info.plist */,
			);
			path = NewsAppUITests;
			sourceTree = "<group>";
		};
		8930F85820E23F670024C1F9 /* ArticlesList */ = {
			isa = PBXGroup;
			children = (
				89BF27A020E4990C0034C5A9 /* Entity */,
				8930F86720E247AC0024C1F9 /* Interactor */,
				8930F86620E247A80024C1F9 /* Router */,
				8930F86520E2479E0024C1F9 /* Presenter */,
				8930F86420E2478F0024C1F9 /* View */,
				8930F85B20E242D10024C1F9 /* NetworkLayer */,
			);
			path = ArticlesList;
			sourceTree = "<group>";
		};
		8930F85B20E242D10024C1F9 /* NetworkLayer */ = {
			isa = PBXGroup;
			children = (
				8930F85C20E242E60024C1F9 /* NetworkLayerProtocol.swift */,
				8930F85E20E243040024C1F9 /* TheGuardianNetworkLayer.swift */,
				8930F86020E243110024C1F9 /* OfflineNetworkLayer.swift */,
			);
			path = NetworkLayer;
			sourceTree = "<group>";
		};
		8930F86420E2478F0024C1F9 /* View */ = {
			isa = PBXGroup;
			children = (
				8930F82C20E23D500024C1F9 /* ViewController.swift */,
				8930F86A20E248700024C1F9 /* ArticlesListViewProtocol.swift */,
				899AC65520E2923700F6D949 /* ArticlesListCellProtocol.swift */,
				899AC65720E292B300F6D949 /* ArticlesListTableViewCell.swift */,
				899AC65820E292B300F6D949 /* ArticlesListTableViewCell.xib */,
			);
			path = View;
			sourceTree = "<group>";
		};
		8930F86520E2479E0024C1F9 /* Presenter */ = {
			isa = PBXGroup;
			children = (
				8930F86820E247FD0024C1F9 /* ArticlesListPresenter.swift */,
				89BF27F520E4E0010034C5A9 /* ArticleListPresenterProtocol.swift */,
			);
			path = Presenter;
			sourceTree = "<group>";
		};
		8930F86620E247A80024C1F9 /* Router */ = {
			isa = PBXGroup;
			children = (
				899AC65120E28DC000F6D949 /* ArticlesListNavigator.swift */,
				899AC65320E28F0200F6D949 /* ArticlesListWireframe.swift */,
			);
			path = Router;
			sourceTree = "<group>";
		};
		8930F86720E247AC0024C1F9 /* Interactor */ = {
			isa = PBXGroup;
			children = (
				8930F85920E241140024C1F9 /* ArticlesListInteractor.swift */,
				89BF27F320E4DF7A0034C5A9 /* ArticleListInteractorProtocol.swift */,
			);
			path = Interactor;
			sourceTree = "<group>";
		};
		899AC64E20E28BA300F6D949 /* Core */ = {
			isa = PBXGroup;
			children = (
				89BF27A520E4A1C10034C5A9 /* Persistence */,
				8930F82A20E23D500024C1F9 /* AppDelegate.swift */,
				89087A5E20E2898F00DE8CD9 /* AppBuilder.swift */,
				899AC64F20E28BB700F6D949 /* CoreViews.swift */,
			);
			path = Core;
			sourceTree = "<group>";
		};
		899AC65B20E3597900F6D949 /* ArticleDetails */ = {
			isa = PBXGroup;
			children = (
				899AC66020E359D700F6D949 /* NetworkLayer */,
				899AC65F20E359D300F6D949 /* View */,
				899AC65E20E359C800F6D949 /* Presenter */,
				899AC65D20E359C300F6D949 /* Router */,
				899AC65C20E359BC00F6D949 /* Interactor */,
			);
			path = ArticleDetails;
			sourceTree = "<group>";
		};
		899AC65C20E359BC00F6D949 /* Interactor */ = {
			isa = PBXGroup;
			children = (
				899AC66820E35B4B00F6D949 /* ArticleDetailsInteractorProtocol.swift */,
				899AC66C20E3648300F6D949 /* ArticleDetailsInteractor.swift */,
			);
			path = Interactor;
			sourceTree = "<group>";
		};
		899AC65D20E359C300F6D949 /* Router */ = {
			isa = PBXGroup;
			children = (
				899AC66120E35A2000F6D949 /* ArticleDetailsWireframe.swift */,
			);
			path = Router;
			sourceTree = "<group>";
		};
		899AC65E20E359C800F6D949 /* Presenter */ = {
			isa = PBXGroup;
			children = (
				899AC66620E35AEC00F6D949 /* ArticleDetailsPresenterProtocol.swift */,
				899AC66A20E3602700F6D949 /* ArticleDetailsPresenter.swift */,
			);
			path = Presenter;
			sourceTree = "<group>";
		};
		899AC65F20E359D300F6D949 /* View */ = {
			isa = PBXGroup;
			children = (
				899F314F20E3B7A6009DF6F8 /* Monotype Sabon Regular.otf */,
				899AC66320E35A4F00F6D949 /* ArticleDetailsViewProtocol.swift */,
				899F314D20E3B748009DF6F8 /* iPhone.css */,
				899AC67220E3661B00F6D949 /* ArticleDetailsViewController.swift */,
				899AC67320E3661B00F6D949 /* ArticleDetailsViewController.xib */,
			);
			path = View;
			sourceTree = "<group>";
		};
		899AC66020E359D700F6D949 /* NetworkLayer */ = {
			isa = PBXGroup;
			children = (
				899AC66E20E364CF00F6D949 /* TheGuardianArticleDetailsNetworkLayer.swift */,
				899AC67020E364DD00F6D949 /* ArticleDetailsNetworkLayerProtocol.swift */,
				899AC67620E3725F00F6D949 /* OfflineArticleDetailsNetworkLayer.swift */,
			);
			path = NetworkLayer;
			sourceTree = "<group>";
		};
		89BF27A020E4990C0034C5A9 /* Entity */ = {
			isa = PBXGroup;
			children = (
				89BF27A120E499500034C5A9 /* Article.swift */,
				8930F86220E2437B0024C1F9 /* TheGuardianArticle.swift */,
				89BF27A320E49A290034C5A9 /* PersistedArticle.swift */,
			);
			path = Entity;
			sourceTree = "<group>";
		};
		89BF27A520E4A1C10034C5A9 /* Persistence */ = {
			isa = PBXGroup;
			children = (
				89DC13B720E4F3330074CC39 /* Core Data */,
				89BF27F120E4A5E10034C5A9 /* PersistenceLayerProtocol.swift */,
				89DC13B820E4F35C0074CC39 /* MockPersistenceStore.swift */,
			);
			path = Persistence;
			sourceTree = "<group>";
		};
		89DC13B720E4F3330074CC39 /* Core Data */ = {
			isa = PBXGroup;
			children = (
				899EB28B20E63F5E00380298 /* CoreDataArticle+CoreDataClass.swift */,
				899EB28A20E63F5D00380298 /* CoreDataArticle+CoreDataProperties.swift */,
				89BF27EF20E4A4AD0034C5A9 /* CoreDataStack.swift */,
				89BF27A620E4A2710034C5A9 /* TheGuardian.xcdatamodeld */,
			);
			path = "Core Data";
			sourceTree = "<group>";
		};
/* End PBXGroup section */

/* Begin PBXNativeTarget section */
		8930F82620E23D500024C1F9 /* NewsApp */ = {
			isa = PBXNativeTarget;
			buildConfigurationList = 8930F84F20E23D520024C1F9 /* Build configuration list for PBXNativeTarget "NewsApp" */;
			buildPhases = (
				8A567C07F939B54C755CEFAC /* [CP] Check Pods Manifest.lock */,
				8930F82320E23D500024C1F9 /* Sources */,
				8930F82420E23D500024C1F9 /* Frameworks */,
				8930F82520E23D500024C1F9 /* Resources */,
				0FBA31AD2E0ED8827083214C /* [CP] Embed Pods Frameworks */,
				89862A7C20E698C600339B37 /* ShellScript */,
			);
			buildRules = (
			);
			dependencies = (
			);
			name = NewsApp;
			productName = NewsApp;
			productReference = 8930F82720E23D500024C1F9 /* The Guardian.app */;
			productType = "com.apple.product-type.application";
		};
		8930F83A20E23D520024C1F9 /* NewsAppTests */ = {
			isa = PBXNativeTarget;
			buildConfigurationList = 8930F85220E23D520024C1F9 /* Build configuration list for PBXNativeTarget "NewsAppTests" */;
			buildPhases = (
				9D7B387F93D8DB06B7BFD08C /* [CP] Check Pods Manifest.lock */,
				8930F83720E23D520024C1F9 /* Sources */,
				8930F83820E23D520024C1F9 /* Frameworks */,
				8930F83920E23D520024C1F9 /* Resources */,
				80401BABBF7D95DD8766F31C /* [CP] Embed Pods Frameworks */,
			);
			buildRules = (
			);
			dependencies = (
				8930F83D20E23D520024C1F9 /* PBXTargetDependency */,
			);
			name = NewsAppTests;
			productName = NewsAppTests;
			productReference = 8930F83B20E23D520024C1F9 /* NewsAppTests.xctest */;
			productType = "com.apple.product-type.bundle.unit-test";
		};
		8930F84520E23D520024C1F9 /* NewsAppUITests */ = {
			isa = PBXNativeTarget;
			buildConfigurationList = 8930F85520E23D520024C1F9 /* Build configuration list for PBXNativeTarget "NewsAppUITests" */;
			buildPhases = (
				976C43C05DA32AB627CB5B9D /* [CP] Check Pods Manifest.lock */,
				8930F84220E23D520024C1F9 /* Sources */,
				8930F84320E23D520024C1F9 /* Frameworks */,
				8930F84420E23D520024C1F9 /* Resources */,
			);
			buildRules = (
			);
			dependencies = (
				8930F84820E23D520024C1F9 /* PBXTargetDependency */,
			);
			name = NewsAppUITests;
			productName = NewsAppUITests;
			productReference = 8930F84620E23D520024C1F9 /* NewsAppUITests.xctest */;
			productType = "com.apple.product-type.bundle.ui-testing";
		};
/* End PBXNativeTarget section */

/* Begin PBXProject section */
		8930F81F20E23D500024C1F9 /* Project object */ = {
			isa = PBXProject;
			attributes = {
				LastSwiftUpdateCheck = 0930;
				LastUpgradeCheck = 0930;
				ORGANIZATIONNAME = "Pedro Contreras";
				TargetAttributes = {
					8930F82620E23D500024C1F9 = {
						CreatedOnToolsVersion = 9.3.1;
						LastSwiftMigration = 1010;
					};
					8930F83A20E23D520024C1F9 = {
						CreatedOnToolsVersion = 9.3.1;
						LastSwiftMigration = 1010;
						TestTargetID = 8930F82620E23D500024C1F9;
					};
					8930F84520E23D520024C1F9 = {
						CreatedOnToolsVersion = 9.3.1;
						TestTargetID = 8930F82620E23D500024C1F9;
					};
				};
			};
			buildConfigurationList = 8930F82220E23D500024C1F9 /* Build configuration list for PBXProject "NewsApp" */;
			compatibilityVersion = "Xcode 9.3";
			developmentRegion = en;
			hasScannedForEncodings = 0;
			knownRegions = (
				en,
				Base,
			);
			mainGroup = 8930F81E20E23D500024C1F9;
			productRefGroup = 8930F82820E23D500024C1F9 /* Products */;
			projectDirPath = "";
			projectRoot = "";
			targets = (
				8930F82620E23D500024C1F9 /* NewsApp */,
				8930F83A20E23D520024C1F9 /* NewsAppTests */,
				8930F84520E23D520024C1F9 /* NewsAppUITests */,
			);
		};
/* End PBXProject section */

/* Begin PBXResourcesBuildPhase section */
		8930F82520E23D500024C1F9 /* Resources */ = {
			isa = PBXResourcesBuildPhase;
			buildActionMask = 2147483647;
			files = (
				8930F83520E23D520024C1F9 /* LaunchScreen.storyboard in Resources */,
				899F315020E3B7A6009DF6F8 /* Monotype Sabon Regular.otf in Resources */,
				899AC65A20E292B300F6D949 /* ArticlesListTableViewCell.xib in Resources */,
				8930F83220E23D520024C1F9 /* Assets.xcassets in Resources */,
				899F314E20E3B748009DF6F8 /* iPhone.css in Resources */,
				8930F86D20E259650024C1F9 /* Podfile in Resources */,
				899AC67520E3661B00F6D949 /* ArticleDetailsViewController.xib in Resources */,
				8930F83020E23D500024C1F9 /* Main.storyboard in Resources */,
			);
			runOnlyForDeploymentPostprocessing = 0;
		};
		8930F83920E23D520024C1F9 /* Resources */ = {
			isa = PBXResourcesBuildPhase;
			buildActionMask = 2147483647;
			files = (
			);
			runOnlyForDeploymentPostprocessing = 0;
		};
		8930F84420E23D520024C1F9 /* Resources */ = {
			isa = PBXResourcesBuildPhase;
			buildActionMask = 2147483647;
			files = (
			);
			runOnlyForDeploymentPostprocessing = 0;
		};
/* End PBXResourcesBuildPhase section */

/* Begin PBXShellScriptBuildPhase section */
		0FBA31AD2E0ED8827083214C /* [CP] Embed Pods Frameworks */ = {
			isa = PBXShellScriptBuildPhase;
			buildActionMask = 2147483647;
			files = (
			);
			inputPaths = (
				"${SRCROOT}/Pods/Target Support Files/Pods-NewsApp/Pods-NewsApp-frameworks.sh",
				"${BUILT_PRODUCTS_DIR}/Alamofire/Alamofire.framework",
			);
			name = "[CP] Embed Pods Frameworks";
			outputPaths = (
				"${TARGET_BUILD_DIR}/${FRAMEWORKS_FOLDER_PATH}/Alamofire.framework",
			);
			runOnlyForDeploymentPostprocessing = 0;
			shellPath = /bin/sh;
			shellScript = "\"${SRCROOT}/Pods/Target Support Files/Pods-NewsApp/Pods-NewsApp-frameworks.sh\"\n";
			showEnvVarsInLog = 0;
		};
		80401BABBF7D95DD8766F31C /* [CP] Embed Pods Frameworks */ = {
			isa = PBXShellScriptBuildPhase;
			buildActionMask = 2147483647;
			files = (
			);
			inputPaths = (
				"${SRCROOT}/Pods/Target Support Files/Pods-NewsAppTests/Pods-NewsAppTests-frameworks.sh",
				"${BUILT_PRODUCTS_DIR}/Nimble/Nimble.framework",
				"${BUILT_PRODUCTS_DIR}/Quick/Quick.framework",
			);
			name = "[CP] Embed Pods Frameworks";
			outputPaths = (
				"${TARGET_BUILD_DIR}/${FRAMEWORKS_FOLDER_PATH}/Nimble.framework",
				"${TARGET_BUILD_DIR}/${FRAMEWORKS_FOLDER_PATH}/Quick.framework",
			);
			runOnlyForDeploymentPostprocessing = 0;
			shellPath = /bin/sh;
			shellScript = "\"${SRCROOT}/Pods/Target Support Files/Pods-NewsAppTests/Pods-NewsAppTests-frameworks.sh\"\n";
			showEnvVarsInLog = 0;
		};
		89862A7C20E698C600339B37 /* ShellScript */ = {
			isa = PBXShellScriptBuildPhase;
			buildActionMask = 2147483647;
			files = (
			);
			inputPaths = (
			);
			outputPaths = (
			);
			runOnlyForDeploymentPostprocessing = 0;
			shellPath = /bin/sh;
			shellScript = "\"${PODS_ROOT}/SwiftLint/swiftlint\"";
		};
		8A567C07F939B54C755CEFAC /* [CP] Check Pods Manifest.lock */ = {
			isa = PBXShellScriptBuildPhase;
			buildActionMask = 2147483647;
			files = (
			);
			inputPaths = (
				"${PODS_PODFILE_DIR_PATH}/Podfile.lock",
				"${PODS_ROOT}/Manifest.lock",
			);
			name = "[CP] Check Pods Manifest.lock";
			outputPaths = (
				"$(DERIVED_FILE_DIR)/Pods-NewsApp-checkManifestLockResult.txt",
			);
			runOnlyForDeploymentPostprocessing = 0;
			shellPath = /bin/sh;
			shellScript = "diff \"${PODS_PODFILE_DIR_PATH}/Podfile.lock\" \"${PODS_ROOT}/Manifest.lock\" > /dev/null\nif [ $? != 0 ] ; then\n    # print error to STDERR\n    echo \"error: The sandbox is not in sync with the Podfile.lock. Run 'pod install' or update your CocoaPods installation.\" >&2\n    exit 1\nfi\n# This output is used by Xcode 'outputs' to avoid re-running this script phase.\necho \"SUCCESS\" > \"${SCRIPT_OUTPUT_FILE_0}\"\n";
			showEnvVarsInLog = 0;
		};
		976C43C05DA32AB627CB5B9D /* [CP] Check Pods Manifest.lock */ = {
			isa = PBXShellScriptBuildPhase;
			buildActionMask = 2147483647;
			files = (
			);
			inputPaths = (
				"${PODS_PODFILE_DIR_PATH}/Podfile.lock",
				"${PODS_ROOT}/Manifest.lock",
			);
			name = "[CP] Check Pods Manifest.lock";
			outputPaths = (
				"$(DERIVED_FILE_DIR)/Pods-NewsAppUITests-checkManifestLockResult.txt",
			);
			runOnlyForDeploymentPostprocessing = 0;
			shellPath = /bin/sh;
			shellScript = "diff \"${PODS_PODFILE_DIR_PATH}/Podfile.lock\" \"${PODS_ROOT}/Manifest.lock\" > /dev/null\nif [ $? != 0 ] ; then\n    # print error to STDERR\n    echo \"error: The sandbox is not in sync with the Podfile.lock. Run 'pod install' or update your CocoaPods installation.\" >&2\n    exit 1\nfi\n# This output is used by Xcode 'outputs' to avoid re-running this script phase.\necho \"SUCCESS\" > \"${SCRIPT_OUTPUT_FILE_0}\"\n";
			showEnvVarsInLog = 0;
		};
		9D7B387F93D8DB06B7BFD08C /* [CP] Check Pods Manifest.lock */ = {
			isa = PBXShellScriptBuildPhase;
			buildActionMask = 2147483647;
			files = (
			);
			inputPaths = (
				"${PODS_PODFILE_DIR_PATH}/Podfile.lock",
				"${PODS_ROOT}/Manifest.lock",
			);
			name = "[CP] Check Pods Manifest.lock";
			outputPaths = (
				"$(DERIVED_FILE_DIR)/Pods-NewsAppTests-checkManifestLockResult.txt",
			);
			runOnlyForDeploymentPostprocessing = 0;
			shellPath = /bin/sh;
			shellScript = "diff \"${PODS_PODFILE_DIR_PATH}/Podfile.lock\" \"${PODS_ROOT}/Manifest.lock\" > /dev/null\nif [ $? != 0 ] ; then\n    # print error to STDERR\n    echo \"error: The sandbox is not in sync with the Podfile.lock. Run 'pod install' or update your CocoaPods installation.\" >&2\n    exit 1\nfi\n# This output is used by Xcode 'outputs' to avoid re-running this script phase.\necho \"SUCCESS\" > \"${SCRIPT_OUTPUT_FILE_0}\"\n";
			showEnvVarsInLog = 0;
		};
/* End PBXShellScriptBuildPhase section */

/* Begin PBXSourcesBuildPhase section */
		8930F82320E23D500024C1F9 /* Sources */ = {
			isa = PBXSourcesBuildPhase;
			buildActionMask = 2147483647;
			files = (
				89BF27A220E499500034C5A9 /* Article.swift in Sources */,
				899EB28C20E63F5E00380298 /* CoreDataArticle+CoreDataProperties.swift in Sources */,
				8930F86320E2437C0024C1F9 /* TheGuardianArticle.swift in Sources */,
				899AC66D20E3648300F6D949 /* ArticleDetailsInteractor.swift in Sources */,
				8930F86920E247FD0024C1F9 /* ArticlesListPresenter.swift in Sources */,
				899AC66B20E3602700F6D949 /* ArticleDetailsPresenter.swift in Sources */,
				899AC66720E35AEC00F6D949 /* ArticleDetailsPresenterProtocol.swift in Sources */,
				899AC67720E3725F00F6D949 /* OfflineArticleDetailsNetworkLayer.swift in Sources */,
				899AC66420E35A4F00F6D949 /* ArticleDetailsViewProtocol.swift in Sources */,
				89BF27A420E49A290034C5A9 /* PersistedArticle.swift in Sources */,
				89BF27F020E4A4AD0034C5A9 /* CoreDataStack.swift in Sources */,
				8930F82D20E23D500024C1F9 /* ViewController.swift in Sources */,
				89087A5F20E2898F00DE8CD9 /* AppBuilder.swift in Sources */,
				899AC66220E35A2000F6D949 /* ArticleDetailsWireframe.swift in Sources */,
				89BF27F220E4A5E10034C5A9 /* PersistenceLayerProtocol.swift in Sources */,
				899AC66F20E364CF00F6D949 /* TheGuardianArticleDetailsNetworkLayer.swift in Sources */,
				899AC65920E292B300F6D949 /* ArticlesListTableViewCell.swift in Sources */,
				8930F85A20E241140024C1F9 /* ArticlesListInteractor.swift in Sources */,
				89BF27F420E4DF7A0034C5A9 /* ArticleListInteractorProtocol.swift in Sources */,
				89BF27A920E4A33E0034C5A9 /* TheGuardian.xcdatamodeld in Sources */,
				8930F86B20E248700024C1F9 /* ArticlesListViewProtocol.swift in Sources */,
				899AC67120E364DD00F6D949 /* ArticleDetailsNetworkLayerProtocol.swift in Sources */,
				899AC67420E3661B00F6D949 /* ArticleDetailsViewController.swift in Sources */,
				899AC65020E28BB700F6D949 /* CoreViews.swift in Sources */,
				8930F85D20E242E60024C1F9 /* NetworkLayerProtocol.swift in Sources */,
				899AC66920E35B4B00F6D949 /* ArticleDetailsInteractorProtocol.swift in Sources */,
				89BF27F620E4E0010034C5A9 /* ArticleListPresenterProtocol.swift in Sources */,
				899AC65420E28F0200F6D949 /* ArticlesListWireframe.swift in Sources */,
				89DC13B920E4F35C0074CC39 /* MockPersistenceStore.swift in Sources */,
				899EB28D20E63F5E00380298 /* CoreDataArticle+CoreDataClass.swift in Sources */,
				899AC65220E28DC000F6D949 /* ArticlesListNavigator.swift in Sources */,
				899AC65620E2923700F6D949 /* ArticlesListCellProtocol.swift in Sources */,
				8930F82B20E23D500024C1F9 /* AppDelegate.swift in Sources */,
				8930F86120E243110024C1F9 /* OfflineNetworkLayer.swift in Sources */,
				8930F85F20E243040024C1F9 /* TheGuardianNetworkLayer.swift in Sources */,
			);
			runOnlyForDeploymentPostprocessing = 0;
		};
		8930F83720E23D520024C1F9 /* Sources */ = {
			isa = PBXSourcesBuildPhase;
			buildActionMask = 2147483647;
			files = (
				89DC13BF20E502600074CC39 /* CoreDataPersitenceTests.swift in Sources */,
				89DC13BD20E4F9D90074CC39 /* TheGuardianNetworkLayerTests.swift in Sources */,
				89DC13C320E50C680074CC39 /* TheGuardianDetailsNetworkLayerTests.swift in Sources */,
				89DC13C520E50FA40074CC39 /* ArticleDetailsPresenterTests.swift in Sources */,
				89DC13C720E511150074CC39 /* ArticleDetailsWireframeTests.swift in Sources */,
				89DC13BB20E4F67F0074CC39 /* ArticleDetailsInteractorTests.swift in Sources */,
				89BF27F820E4E2920034C5A9 /* ListInteractorTests.swift in Sources */,
				89DC13C120E5059E0074CC39 /* ArticleDetailsViewControllerTests.swift in Sources */,
			);
			runOnlyForDeploymentPostprocessing = 0;
		};
		8930F84220E23D520024C1F9 /* Sources */ = {
			isa = PBXSourcesBuildPhase;
			buildActionMask = 2147483647;
			files = (
				8930F84B20E23D520024C1F9 /* NewsAppUITests.swift in Sources */,
			);
			runOnlyForDeploymentPostprocessing = 0;
		};
/* End PBXSourcesBuildPhase section */

/* Begin PBXTargetDependency section */
		8930F83D20E23D520024C1F9 /* PBXTargetDependency */ = {
			isa = PBXTargetDependency;
			target = 8930F82620E23D500024C1F9 /* NewsApp */;
			targetProxy = 8930F83C20E23D520024C1F9 /* PBXContainerItemProxy */;
		};
		8930F84820E23D520024C1F9 /* PBXTargetDependency */ = {
			isa = PBXTargetDependency;
			target = 8930F82620E23D500024C1F9 /* NewsApp */;
			targetProxy = 8930F84720E23D520024C1F9 /* PBXContainerItemProxy */;
		};
/* End PBXTargetDependency section */

/* Begin PBXVariantGroup section */
		8930F82E20E23D500024C1F9 /* Main.storyboard */ = {
			isa = PBXVariantGroup;
			children = (
				8930F82F20E23D500024C1F9 /* Base */,
			);
			name = Main.storyboard;
			sourceTree = "<group>";
		};
		8930F83320E23D520024C1F9 /* LaunchScreen.storyboard */ = {
			isa = PBXVariantGroup;
			children = (
				8930F83420E23D520024C1F9 /* Base */,
			);
			name = LaunchScreen.storyboard;
			sourceTree = "<group>";
		};
/* End PBXVariantGroup section */

/* Begin XCBuildConfiguration section */
		8930F84D20E23D520024C1F9 /* Debug */ = {
			isa = XCBuildConfiguration;
			buildSettings = {
				ALWAYS_SEARCH_USER_PATHS = NO;
				CLANG_ANALYZER_NONNULL = YES;
				CLANG_ANALYZER_NUMBER_OBJECT_CONVERSION = YES_AGGRESSIVE;
				CLANG_CXX_LANGUAGE_STANDARD = "gnu++14";
				CLANG_CXX_LIBRARY = "libc++";
				CLANG_ENABLE_MODULES = YES;
				CLANG_ENABLE_OBJC_ARC = YES;
				CLANG_ENABLE_OBJC_WEAK = YES;
				CLANG_WARN_BLOCK_CAPTURE_AUTORELEASING = YES;
				CLANG_WARN_BOOL_CONVERSION = YES;
				CLANG_WARN_COMMA = YES;
				CLANG_WARN_CONSTANT_CONVERSION = YES;
				CLANG_WARN_DEPRECATED_OBJC_IMPLEMENTATIONS = YES;
				CLANG_WARN_DIRECT_OBJC_ISA_USAGE = YES_ERROR;
				CLANG_WARN_DOCUMENTATION_COMMENTS = YES;
				CLANG_WARN_EMPTY_BODY = YES;
				CLANG_WARN_ENUM_CONVERSION = YES;
				CLANG_WARN_INFINITE_RECURSION = YES;
				CLANG_WARN_INT_CONVERSION = YES;
				CLANG_WARN_NON_LITERAL_NULL_CONVERSION = YES;
				CLANG_WARN_OBJC_IMPLICIT_RETAIN_SELF = YES;
				CLANG_WARN_OBJC_LITERAL_CONVERSION = YES;
				CLANG_WARN_OBJC_ROOT_CLASS = YES_ERROR;
				CLANG_WARN_RANGE_LOOP_ANALYSIS = YES;
				CLANG_WARN_STRICT_PROTOTYPES = YES;
				CLANG_WARN_SUSPICIOUS_MOVE = YES;
				CLANG_WARN_UNGUARDED_AVAILABILITY = YES_AGGRESSIVE;
				CLANG_WARN_UNREACHABLE_CODE = YES;
				CLANG_WARN__DUPLICATE_METHOD_MATCH = YES;
				CODE_SIGN_IDENTITY = "iPhone Developer";
				COPY_PHASE_STRIP = NO;
				DEBUG_INFORMATION_FORMAT = dwarf;
				ENABLE_STRICT_OBJC_MSGSEND = YES;
				ENABLE_TESTABILITY = YES;
				GCC_C_LANGUAGE_STANDARD = gnu11;
				GCC_DYNAMIC_NO_PIC = NO;
				GCC_NO_COMMON_BLOCKS = YES;
				GCC_OPTIMIZATION_LEVEL = 0;
				GCC_PREPROCESSOR_DEFINITIONS = (
					"DEBUG=1",
					"$(inherited)",
				);
				GCC_WARN_64_TO_32_BIT_CONVERSION = YES;
				GCC_WARN_ABOUT_RETURN_TYPE = YES_ERROR;
				GCC_WARN_UNDECLARED_SELECTOR = YES;
				GCC_WARN_UNINITIALIZED_AUTOS = YES_AGGRESSIVE;
				GCC_WARN_UNUSED_FUNCTION = YES;
				GCC_WARN_UNUSED_VARIABLE = YES;
				IPHONEOS_DEPLOYMENT_TARGET = 11.3;
				MTL_ENABLE_DEBUG_INFO = YES;
				ONLY_ACTIVE_ARCH = YES;
				SDKROOT = iphoneos;
				SWIFT_ACTIVE_COMPILATION_CONDITIONS = DEBUG;
				SWIFT_OPTIMIZATION_LEVEL = "-Onone";
			};
			name = Debug;
		};
		8930F84E20E23D520024C1F9 /* Release */ = {
			isa = XCBuildConfiguration;
			buildSettings = {
				ALWAYS_SEARCH_USER_PATHS = NO;
				CLANG_ANALYZER_NONNULL = YES;
				CLANG_ANALYZER_NUMBER_OBJECT_CONVERSION = YES_AGGRESSIVE;
				CLANG_CXX_LANGUAGE_STANDARD = "gnu++14";
				CLANG_CXX_LIBRARY = "libc++";
				CLANG_ENABLE_MODULES = YES;
				CLANG_ENABLE_OBJC_ARC = YES;
				CLANG_ENABLE_OBJC_WEAK = YES;
				CLANG_WARN_BLOCK_CAPTURE_AUTORELEASING = YES;
				CLANG_WARN_BOOL_CONVERSION = YES;
				CLANG_WARN_COMMA = YES;
				CLANG_WARN_CONSTANT_CONVERSION = YES;
				CLANG_WARN_DEPRECATED_OBJC_IMPLEMENTATIONS = YES;
				CLANG_WARN_DIRECT_OBJC_ISA_USAGE = YES_ERROR;
				CLANG_WARN_DOCUMENTATION_COMMENTS = YES;
				CLANG_WARN_EMPTY_BODY = YES;
				CLANG_WARN_ENUM_CONVERSION = YES;
				CLANG_WARN_INFINITE_RECURSION = YES;
				CLANG_WARN_INT_CONVERSION = YES;
				CLANG_WARN_NON_LITERAL_NULL_CONVERSION = YES;
				CLANG_WARN_OBJC_IMPLICIT_RETAIN_SELF = YES;
				CLANG_WARN_OBJC_LITERAL_CONVERSION = YES;
				CLANG_WARN_OBJC_ROOT_CLASS = YES_ERROR;
				CLANG_WARN_RANGE_LOOP_ANALYSIS = YES;
				CLANG_WARN_STRICT_PROTOTYPES = YES;
				CLANG_WARN_SUSPICIOUS_MOVE = YES;
				CLANG_WARN_UNGUARDED_AVAILABILITY = YES_AGGRESSIVE;
				CLANG_WARN_UNREACHABLE_CODE = YES;
				CLANG_WARN__DUPLICATE_METHOD_MATCH = YES;
				CODE_SIGN_IDENTITY = "iPhone Developer";
				COPY_PHASE_STRIP = NO;
				DEBUG_INFORMATION_FORMAT = "dwarf-with-dsym";
				ENABLE_NS_ASSERTIONS = NO;
				ENABLE_STRICT_OBJC_MSGSEND = YES;
				GCC_C_LANGUAGE_STANDARD = gnu11;
				GCC_NO_COMMON_BLOCKS = YES;
				GCC_WARN_64_TO_32_BIT_CONVERSION = YES;
				GCC_WARN_ABOUT_RETURN_TYPE = YES_ERROR;
				GCC_WARN_UNDECLARED_SELECTOR = YES;
				GCC_WARN_UNINITIALIZED_AUTOS = YES_AGGRESSIVE;
				GCC_WARN_UNUSED_FUNCTION = YES;
				GCC_WARN_UNUSED_VARIABLE = YES;
				IPHONEOS_DEPLOYMENT_TARGET = 11.3;
				MTL_ENABLE_DEBUG_INFO = NO;
				SDKROOT = iphoneos;
				SWIFT_COMPILATION_MODE = wholemodule;
				SWIFT_OPTIMIZATION_LEVEL = "-O";
				VALIDATE_PRODUCT = YES;
			};
			name = Release;
		};
		8930F85020E23D520024C1F9 /* Debug */ = {
			isa = XCBuildConfiguration;
			baseConfigurationReference = 1C7D4F78B9C3D35C88B137D6 /* Pods-NewsApp.debug.xcconfig */;
			buildSettings = {
				ASSETCATALOG_COMPILER_APPICON_NAME = AppIcon;
				CODE_SIGN_STYLE = Automatic;
				DEVELOPMENT_TEAM = 525DJ5E4PV;
				INFOPLIST_FILE = NewsApp/Info.plist;
				IPHONEOS_DEPLOYMENT_TARGET = 11.0;
				LD_RUNPATH_SEARCH_PATHS = (
					"$(inherited)",
					"@executable_path/Frameworks",
				);
				PRODUCT_BUNDLE_IDENTIFIER = none.testApp;
				PRODUCT_NAME = "The Guardian";
				SWIFT_VERSION = 4.2;
				TARGETED_DEVICE_FAMILY = "1,2";
			};
			name = Debug;
		};
		8930F85120E23D520024C1F9 /* Release */ = {
			isa = XCBuildConfiguration;
			baseConfigurationReference = 3E140A89A2A8ED6D05A2DDAA /* Pods-NewsApp.release.xcconfig */;
			buildSettings = {
				ASSETCATALOG_COMPILER_APPICON_NAME = AppIcon;
				CODE_SIGN_STYLE = Automatic;
				DEVELOPMENT_TEAM = 525DJ5E4PV;
				INFOPLIST_FILE = NewsApp/Info.plist;
				IPHONEOS_DEPLOYMENT_TARGET = 11.0;
				LD_RUNPATH_SEARCH_PATHS = (
					"$(inherited)",
					"@executable_path/Frameworks",
				);
				PRODUCT_BUNDLE_IDENTIFIER = none.testApp;
				PRODUCT_NAME = "The Guardian";
				SWIFT_VERSION = 4.2;
				TARGETED_DEVICE_FAMILY = "1,2";
			};
			name = Release;
		};
		8930F85320E23D520024C1F9 /* Debug */ = {
			isa = XCBuildConfiguration;
			baseConfigurationReference = CF656C3F1F6784E27143266D /* Pods-NewsAppTests.debug.xcconfig */;
			buildSettings = {
				ALWAYS_EMBED_SWIFT_STANDARD_LIBRARIES = YES;
				BUNDLE_LOADER = "$(TEST_HOST)";
				CODE_SIGN_STYLE = Automatic;
				DEVELOPMENT_TEAM = C89X4SFBYM;
				INFOPLIST_FILE = NewsAppTests/Info.plist;
				LD_RUNPATH_SEARCH_PATHS = (
					"$(inherited)",
					"@executable_path/Frameworks",
					"@loader_path/Frameworks",
				);
				PRODUCT_BUNDLE_IDENTIFIER = none.NewsAppTests;
				PRODUCT_NAME = "$(TARGET_NAME)";
				SWIFT_VERSION = 4.2;
				TARGETED_DEVICE_FAMILY = "1,2";
				TEST_HOST = "$(BUILT_PRODUCTS_DIR)/The Guardian.app/The Guardian";
			};
			name = Debug;
		};
		8930F85420E23D520024C1F9 /* Release */ = {
			isa = XCBuildConfiguration;
			baseConfigurationReference = 78B4F59F7AE79855D2D2FC60 /* Pods-NewsAppTests.release.xcconfig */;
			buildSettings = {
				ALWAYS_EMBED_SWIFT_STANDARD_LIBRARIES = YES;
				BUNDLE_LOADER = "$(TEST_HOST)";
				CODE_SIGN_STYLE = Automatic;
				DEVELOPMENT_TEAM = C89X4SFBYM;
				INFOPLIST_FILE = NewsAppTests/Info.plist;
				LD_RUNPATH_SEARCH_PATHS = (
					"$(inherited)",
					"@executable_path/Frameworks",
					"@loader_path/Frameworks",
				);
				PRODUCT_BUNDLE_IDENTIFIER = none.NewsAppTests;
				PRODUCT_NAME = "$(TARGET_NAME)";
				SWIFT_VERSION = 4.2;
				TARGETED_DEVICE_FAMILY = "1,2";
				TEST_HOST = "$(BUILT_PRODUCTS_DIR)/The Guardian.app/The Guardian";
			};
			name = Release;
		};
		8930F85620E23D520024C1F9 /* Debug */ = {
			isa = XCBuildConfiguration;
			baseConfigurationReference = 5C00CF06301368F220111144 /* Pods-NewsAppUITests.debug.xcconfig */;
			buildSettings = {
				ALWAYS_EMBED_SWIFT_STANDARD_LIBRARIES = YES;
				CODE_SIGN_STYLE = Automatic;
				INFOPLIST_FILE = NewsAppUITests/Info.plist;
				LD_RUNPATH_SEARCH_PATHS = (
					"$(inherited)",
					"@executable_path/Frameworks",
					"@loader_path/Frameworks",
				);
				PRODUCT_BUNDLE_IDENTIFIER = none.NewsAppUITests;
				PRODUCT_NAME = "$(TARGET_NAME)";
				SWIFT_VERSION = 4.0;
				TARGETED_DEVICE_FAMILY = "1,2";
				TEST_TARGET_NAME = NewsApp;
			};
			name = Debug;
		};
		8930F85720E23D520024C1F9 /* Release */ = {
			isa = XCBuildConfiguration;
			baseConfigurationReference = 7BAAB87E77E27E2C03945362 /* Pods-NewsAppUITests.release.xcconfig */;
			buildSettings = {
				ALWAYS_EMBED_SWIFT_STANDARD_LIBRARIES = YES;
				CODE_SIGN_STYLE = Automatic;
				INFOPLIST_FILE = NewsAppUITests/Info.plist;
				LD_RUNPATH_SEARCH_PATHS = (
					"$(inherited)",
					"@executable_path/Frameworks",
					"@loader_path/Frameworks",
				);
				PRODUCT_BUNDLE_IDENTIFIER = none.NewsAppUITests;
				PRODUCT_NAME = "$(TARGET_NAME)";
				SWIFT_VERSION = 4.0;
				TARGETED_DEVICE_FAMILY = "1,2";
				TEST_TARGET_NAME = NewsApp;
			};
			name = Release;
		};
/* End XCBuildConfiguration section */

/* Begin XCConfigurationList section */
		8930F82220E23D500024C1F9 /* Build configuration list for PBXProject "NewsApp" */ = {
			isa = XCConfigurationList;
			buildConfigurations = (
				8930F84D20E23D520024C1F9 /* Debug */,
				8930F84E20E23D520024C1F9 /* Release */,
			);
			defaultConfigurationIsVisible = 0;
			defaultConfigurationName = Release;
		};
		8930F84F20E23D520024C1F9 /* Build configuration list for PBXNativeTarget "NewsApp" */ = {
			isa = XCConfigurationList;
			buildConfigurations = (
				8930F85020E23D520024C1F9 /* Debug */,
				8930F85120E23D520024C1F9 /* Release */,
			);
			defaultConfigurationIsVisible = 0;
			defaultConfigurationName = Release;
		};
		8930F85220E23D520024C1F9 /* Build configuration list for PBXNativeTarget "NewsAppTests" */ = {
			isa = XCConfigurationList;
			buildConfigurations = (
				8930F85320E23D520024C1F9 /* Debug */,
				8930F85420E23D520024C1F9 /* Release */,
			);
			defaultConfigurationIsVisible = 0;
			defaultConfigurationName = Release;
		};
		8930F85520E23D520024C1F9 /* Build configuration list for PBXNativeTarget "NewsAppUITests" */ = {
			isa = XCConfigurationList;
			buildConfigurations = (
				8930F85620E23D520024C1F9 /* Debug */,
				8930F85720E23D520024C1F9 /* Release */,
			);
			defaultConfigurationIsVisible = 0;
			defaultConfigurationName = Release;
		};
/* End XCConfigurationList section */

/* Begin XCVersionGroup section */
		89BF27A620E4A2710034C5A9 /* TheGuardian.xcdatamodeld */ = {
			isa = XCVersionGroup;
			children = (
				89BF27A720E4A2710034C5A9 /* CoreDataArticle.xcdatamodel */,
			);
			currentVersion = 89BF27A720E4A2710034C5A9 /* CoreDataArticle.xcdatamodel */;
			path = TheGuardian.xcdatamodeld;
			sourceTree = "<group>";
			versionGroupType = wrapper.xcdatamodel;
		};
/* End XCVersionGroup section */
	};
	rootObject = 8930F81F20E23D500024C1F9 /* Project object */;
}
